
Microsoft Visual Studio Solution File, Format Version 12.00
# Visual Studio Version 17
VisualStudioVersion = 17.2.32630.192
MinimumVisualStudioVersion = 10.0.40219.1
Project("{FAE04EC0-301F-11D3-BF4B-00C04F79EFBC}") = "Ejercicio_1Guia_POO", "Ejercicio_1Guia_POO\Ejercicio_1Guia_POO.csproj", "{DBA92934-4EBE-4C3E-9841-CA1F53312DA3}"
EndProject
Global
	GlobalSection(SolutionConfigurationPlatforms) = preSolution
		Debug|Any CPU = Debug|Any CPU
		Release|Any CPU = Release|Any CPU
	EndGlobalSection
	GlobalSection(ProjectConfigurationPlatforms) = postSolution
		{DBA92934-4EBE-4C3E-9841-CA1F53312DA3}.Debug|Any CPU.ActiveCfg = Debug|Any CPU
		{DBA92934-4EBE-4C3E-9841-CA1F53312DA3}.Debug|Any CPU.Build.0 = Debug|Any CPU
		{DBA92934-4EBE-4C3E-9841-CA1F53312DA3}.Release|Any CPU.ActiveCfg = Release|Any CPU
		{DBA92934-4EBE-4C3E-9841-CA1F53312DA3}.Release|Any CPU.Build.0 = Release|Any CPU
	EndGlobalSection
	GlobalSection(SolutionProperties) = preSolution
		HideSolutionNode = FALSE
	EndGlobalSection
	GlobalSection(ExtensibilityGlobals) = postSolution
		SolutionGuid = {A965C372-758F-4156-B9EE-085742F267D6}
	EndGlobalSection
EndGlobal
