
Microsoft Visual Studio Solution File, Format Version 12.00
# Visual Studio Version 17
VisualStudioVersion = 17.2.32630.192
MinimumVisualStudioVersion = 10.0.40219.1
Project("{FAE04EC0-301F-11D3-BF4B-00C04F79EFBC}") = "Ejercicio_3Guia_POO", "Ejercicio_3Guia_POO\Ejercicio_3Guia_POO.csproj", "{36B0AD76-708C-46DD-B414-DDD30C28ECA8}"
EndProject
Global
	GlobalSection(SolutionConfigurationPlatforms) = preSolution
		Debug|Any CPU = Debug|Any CPU
		Release|Any CPU = Release|Any CPU
	EndGlobalSection
	GlobalSection(ProjectConfigurationPlatforms) = postSolution
		{36B0AD76-708C-46DD-B414-DDD30C28ECA8}.Debug|Any CPU.ActiveCfg = Debug|Any CPU
		{36B0AD76-708C-46DD-B414-DDD30C28ECA8}.Debug|Any CPU.Build.0 = Debug|Any CPU
		{36B0AD76-708C-46DD-B414-DDD30C28ECA8}.Release|Any CPU.ActiveCfg = Release|Any CPU
		{36B0AD76-708C-46DD-B414-DDD30C28ECA8}.Release|Any CPU.Build.0 = Release|Any CPU
	EndGlobalSection
	GlobalSection(SolutionProperties) = preSolution
		HideSolutionNode = FALSE
	EndGlobalSection
	GlobalSection(ExtensibilityGlobals) = postSolution
		SolutionGuid = {86B4EF53-0B9F-46F6-820E-A999AFD82732}
	EndGlobalSection
EndGlobal
